
Microsoft Visual Studio Solution File, Format Version 12.00
# Visual Studio Version 17
VisualStudioVersion = 17.8.34330.188
MinimumVisualStudioVersion = 10.0.40219.1
Project("{9A19103F-16F7-4668-BE54-9A1E7A4F7556}") = "PomodoroUI", "PomodoroUI\PomodoroUI.csproj", "{060C4332-BC0B-4D0D-97B6-C478F3476181}"
EndProject
Project("{9A19103F-16F7-4668-BE54-9A1E7A4F7556}") = "PomodoroLibrary", "..\PomodoroLibrary\PomodoroLibrary\PomodoroLibrary.csproj", "{DD076E4E-6C33-403E-9A5B-9DAC682E4B9F}"
EndProject
Global
	GlobalSection(SolutionConfigurationPlatforms) = preSolution
		Debug|Any CPU = Debug|Any CPU
		Release|Any CPU = Release|Any CPU
	EndGlobalSection
	GlobalSection(ProjectConfigurationPlatforms) = postSolution
		{060C4332-BC0B-4D0D-97B6-C478F3476181}.Debug|Any CPU.ActiveCfg = Debug|Any CPU
		{060C4332-BC0B-4D0D-97B6-C478F3476181}.Debug|Any CPU.Build.0 = Debug|Any CPU
		{060C4332-BC0B-4D0D-97B6-C478F3476181}.Release|Any CPU.ActiveCfg = Release|Any CPU
		{060C4332-BC0B-4D0D-97B6-C478F3476181}.Release|Any CPU.Build.0 = Release|Any CPU
		{DD076E4E-6C33-403E-9A5B-9DAC682E4B9F}.Debug|Any CPU.ActiveCfg = Debug|Any CPU
		{DD076E4E-6C33-403E-9A5B-9DAC682E4B9F}.Debug|Any CPU.Build.0 = Debug|Any CPU
		{DD076E4E-6C33-403E-9A5B-9DAC682E4B9F}.Release|Any CPU.ActiveCfg = Release|Any CPU
		{DD076E4E-6C33-403E-9A5B-9DAC682E4B9F}.Release|Any CPU.Build.0 = Release|Any CPU
	EndGlobalSection
	GlobalSection(SolutionProperties) = preSolution
		HideSolutionNode = FALSE
	EndGlobalSection
	GlobalSection(ExtensibilityGlobals) = postSolution
		SolutionGuid = {1207CA0D-018B-4654-9614-6395CF5C8525}
	EndGlobalSection
EndGlobal
