
Microsoft Visual Studio Solution File, Format Version 12.00
# Visual Studio Version 17
VisualStudioVersion = 17.9.34728.123
MinimumVisualStudioVersion = 10.0.40219.1
Project("{9A19103F-16F7-4668-BE54-9A1E7A4F7556}") = "Pomodoro.UI", "Pomodoro.UI\Pomodoro.UI.csproj", "{57985E8C-70F9-4E6E-84A1-6D9CC1902245}"
EndProject
Project("{9A19103F-16F7-4668-BE54-9A1E7A4F7556}") = "Pomodoro.Library", "Pomodoro.Library\Pomodoro.Library.csproj", "{7EC956B2-78B6-4076-8F0B-274D62FE0E36}"
EndProject
Global
	GlobalSection(SolutionConfigurationPlatforms) = preSolution
		Debug|Any CPU = Debug|Any CPU
		Release|Any CPU = Release|Any CPU
	EndGlobalSection
	GlobalSection(ProjectConfigurationPlatforms) = postSolution
		{57985E8C-70F9-4E6E-84A1-6D9CC1902245}.Debug|Any CPU.ActiveCfg = Debug|Any CPU
		{57985E8C-70F9-4E6E-84A1-6D9CC1902245}.Debug|Any CPU.Build.0 = Debug|Any CPU
		{57985E8C-70F9-4E6E-84A1-6D9CC1902245}.Release|Any CPU.ActiveCfg = Release|Any CPU
		{57985E8C-70F9-4E6E-84A1-6D9CC1902245}.Release|Any CPU.Build.0 = Release|Any CPU
		{7EC956B2-78B6-4076-8F0B-274D62FE0E36}.Debug|Any CPU.ActiveCfg = Debug|Any CPU
		{7EC956B2-78B6-4076-8F0B-274D62FE0E36}.Debug|Any CPU.Build.0 = Debug|Any CPU
		{7EC956B2-78B6-4076-8F0B-274D62FE0E36}.Release|Any CPU.ActiveCfg = Release|Any CPU
		{7EC956B2-78B6-4076-8F0B-274D62FE0E36}.Release|Any CPU.Build.0 = Release|Any CPU
	EndGlobalSection
	GlobalSection(SolutionProperties) = preSolution
		HideSolutionNode = FALSE
	EndGlobalSection
	GlobalSection(ExtensibilityGlobals) = postSolution
		SolutionGuid = {CA7D84FC-8DD0-43BB-811B-E2DD72252B93}
	EndGlobalSection
EndGlobal
